
Microsoft Visual Studio Solution File, Format Version 12.00
# Visual Studio Version 17
VisualStudioVersion = 17.9.34622.214
MinimumVisualStudioVersion = 10.0.40219.1
Project("{F184B08F-C81C-45F6-A57F-5ABD9991F28F}") = "DinerMenu", "DinerMenu\DinerMenu.vbproj", "{A0369247-68A1-46F7-996F-86B910F8D84C}"
EndProject
Global
	GlobalSection(SolutionConfigurationPlatforms) = preSolution
		Debug|Any CPU = Debug|Any CPU
		Release|Any CPU = Release|Any CPU
	EndGlobalSection
	GlobalSection(ProjectConfigurationPlatforms) = postSolution
		{A0369247-68A1-46F7-996F-86B910F8D84C}.Debug|Any CPU.ActiveCfg = Debug|Any CPU
		{A0369247-68A1-46F7-996F-86B910F8D84C}.Debug|Any CPU.Build.0 = Debug|Any CPU
		{A0369247-68A1-46F7-996F-86B910F8D84C}.Release|Any CPU.ActiveCfg = Release|Any CPU
		{A0369247-68A1-46F7-996F-86B910F8D84C}.Release|Any CPU.Build.0 = Release|Any CPU
	EndGlobalSection
	GlobalSection(SolutionProperties) = preSolution
		HideSolutionNode = FALSE
	EndGlobalSection
	GlobalSection(ExtensibilityGlobals) = postSolution
		SolutionGuid = {1DEA48B2-C8CE-4C9C-B6BC-438EC137B31D}
	EndGlobalSection
EndGlobal
